
Microsoft Visual Studio Solution File, Format Version 12.00
# Visual Studio Version 16
VisualStudioVersion = 16.0.28729.10
MinimumVisualStudioVersion = 10.0.40219.1
Project("{9A19103F-16F7-4668-BE54-9A1E7A4F7556}") = "App.WebAPI", "src\App.Api\App.WebAPI.csproj", "{606962CD-EB54-4AD3-99A5-4D93BEE371C3}"
EndProject
Project("{2150E333-8FDC-42A3-9474-1A3956D46DE8}") = "App.Core", "App.Core", "{FAF6A661-DC35-4E26-9086-5AD2F0B1D195}"
EndProject
Project("{9A19103F-16F7-4668-BE54-9A1E7A4F7556}") = "App.Data", "src\App.Data\App.Data.csproj", "{5ED0D592-FFA8-433B-9D3B-A0DF33A78447}"
	ProjectSection(ProjectDependencies) = postProject
		{DFA4A854-B697-45AC-B652-54054F6FFC53} = {DFA4A854-B697-45AC-B652-54054F6FFC53}
		{A94ABBD7-6B73-43F0-A310-3CF05D0EBB7F} = {A94ABBD7-6B73-43F0-A310-3CF05D0EBB7F}
	EndProjectSection
EndProject
Project("{9A19103F-16F7-4668-BE54-9A1E7A4F7556}") = "App.Business", "src\App.Business\App.Business.csproj", "{577B8BB6-FCFE-4581-BC51-0BE8E7375410}"
EndProject
Project("{9A19103F-16F7-4668-BE54-9A1E7A4F7556}") = "Core.Base", "submodules\App.Core\src\Core.Base\Core.Base.csproj", "{73864FC9-B18F-48B2-B29C-2B1160AF2CE2}"
EndProject
Project("{9A19103F-16F7-4668-BE54-9A1E7A4F7556}") = "Core", "submodules\App.Core\src\Core\Core.csproj", "{28914A03-47A7-48C6-8A2E-9DC3724668DC}"
EndProject
Project("{9A19103F-16F7-4668-BE54-9A1E7A4F7556}") = "Core.Security", "submodules\App.Core\src\Core.Security\Core.Security.csproj", "{85ABEB5E-EA55-47F9-8D4E-0C87DB757952}"
EndProject
Project("{9A19103F-16F7-4668-BE54-9A1E7A4F7556}") = "Core.ThirdParty", "submodules\App.Core\src\Core.ThirdParty\Core.ThirdParty.csproj", "{F1FAECA0-C4E0-41DD-AAEE-670A4FC754AC}"
EndProject
Project("{9A19103F-16F7-4668-BE54-9A1E7A4F7556}") = "Core.Business", "submodules\App.Core\src\Core.Business\Core.Business.csproj", "{D8062E68-AA1A-47AA-821A-2E81E00432B1}"
EndProject
Project("{9A19103F-16F7-4668-BE54-9A1E7A4F7556}") = "Core.Mvc", "submodules\App.Core\src\Core.Mvc\Core.Mvc.csproj", "{82B45401-F7EF-474C-9D06-9ED5E92AA15E}"
EndProject
Project("{2150E333-8FDC-42A3-9474-1A3956D46DE8}") = "App.Core.Data", "App.Core.Data", "{48A40D69-2CB7-45E2-87CA-E6BB81FB9BC8}"
EndProject
Project("{2150E333-8FDC-42A3-9474-1A3956D46DE8}") = "Tests", "Tests", "{ED36C578-2FE3-4C43-AB4F-ED21FDD7C5C2}"
EndProject
Project("{9A19103F-16F7-4668-BE54-9A1E7A4F7556}") = "App.Business.Tests", "src\App.Business.Tests\App.Business.Tests.csproj", "{460864BC-5E1D-4A9F-A400-645AF1945BE4}"
EndProject
Project("{9A19103F-16F7-4668-BE54-9A1E7A4F7556}") = "Core.Data", "submodules\Core.Data\Core.Data\Core.Data.csproj", "{A94ABBD7-6B73-43F0-A310-3CF05D0EBB7F}"
EndProject
Project("{9A19103F-16F7-4668-BE54-9A1E7A4F7556}") = "Core.Data.Eq", "submodules\Core.Data\Core.Data.Eq\Core.Data.Eq.csproj", "{713AA0EC-2570-4A7D-A76A-288DEA8875DC}"
EndProject
Project("{9A19103F-16F7-4668-BE54-9A1E7A4F7556}") = "Core.Administration", "submodules\App.Core\src\Core.Administration\Core.Administration.csproj", "{DFA4A854-B697-45AC-B652-54054F6FFC53}"
	ProjectSection(ProjectDependencies) = postProject
		{73864FC9-B18F-48B2-B29C-2B1160AF2CE2} = {73864FC9-B18F-48B2-B29C-2B1160AF2CE2}
		{A94ABBD7-6B73-43F0-A310-3CF05D0EBB7F} = {A94ABBD7-6B73-43F0-A310-3CF05D0EBB7F}
	EndProjectSection
EndProject
Global
	GlobalSection(SolutionConfigurationPlatforms) = preSolution
		Debug|Any CPU = Debug|Any CPU
		Release|Any CPU = Release|Any CPU
	EndGlobalSection
	GlobalSection(ProjectConfigurationPlatforms) = postSolution
		{606962CD-EB54-4AD3-99A5-4D93BEE371C3}.Debug|Any CPU.ActiveCfg = Debug|Any CPU
		{606962CD-EB54-4AD3-99A5-4D93BEE371C3}.Debug|Any CPU.Build.0 = Debug|Any CPU
		{606962CD-EB54-4AD3-99A5-4D93BEE371C3}.Release|Any CPU.ActiveCfg = Release|Any CPU
		{606962CD-EB54-4AD3-99A5-4D93BEE371C3}.Release|Any CPU.Build.0 = Release|Any CPU
		{5ED0D592-FFA8-433B-9D3B-A0DF33A78447}.Debug|Any CPU.ActiveCfg = Debug|Any CPU
		{5ED0D592-FFA8-433B-9D3B-A0DF33A78447}.Debug|Any CPU.Build.0 = Debug|Any CPU
		{5ED0D592-FFA8-433B-9D3B-A0DF33A78447}.Release|Any CPU.ActiveCfg = Release|Any CPU
		{5ED0D592-FFA8-433B-9D3B-A0DF33A78447}.Release|Any CPU.Build.0 = Release|Any CPU
		{577B8BB6-FCFE-4581-BC51-0BE8E7375410}.Debug|Any CPU.ActiveCfg = Debug|Any CPU
		{577B8BB6-FCFE-4581-BC51-0BE8E7375410}.Debug|Any CPU.Build.0 = Debug|Any CPU
		{577B8BB6-FCFE-4581-BC51-0BE8E7375410}.Release|Any CPU.ActiveCfg = Release|Any CPU
		{577B8BB6-FCFE-4581-BC51-0BE8E7375410}.Release|Any CPU.Build.0 = Release|Any CPU
		{73864FC9-B18F-48B2-B29C-2B1160AF2CE2}.Debug|Any CPU.ActiveCfg = Debug|Any CPU
		{73864FC9-B18F-48B2-B29C-2B1160AF2CE2}.Debug|Any CPU.Build.0 = Debug|Any CPU
		{73864FC9-B18F-48B2-B29C-2B1160AF2CE2}.Release|Any CPU.ActiveCfg = Release|Any CPU
		{73864FC9-B18F-48B2-B29C-2B1160AF2CE2}.Release|Any CPU.Build.0 = Release|Any CPU
		{28914A03-47A7-48C6-8A2E-9DC3724668DC}.Debug|Any CPU.ActiveCfg = Debug|Any CPU
		{28914A03-47A7-48C6-8A2E-9DC3724668DC}.Debug|Any CPU.Build.0 = Debug|Any CPU
		{28914A03-47A7-48C6-8A2E-9DC3724668DC}.Release|Any CPU.ActiveCfg = Release|Any CPU
		{28914A03-47A7-48C6-8A2E-9DC3724668DC}.Release|Any CPU.Build.0 = Release|Any CPU
		{85ABEB5E-EA55-47F9-8D4E-0C87DB757952}.Debug|Any CPU.ActiveCfg = Debug|Any CPU
		{85ABEB5E-EA55-47F9-8D4E-0C87DB757952}.Debug|Any CPU.Build.0 = Debug|Any CPU
		{85ABEB5E-EA55-47F9-8D4E-0C87DB757952}.Release|Any CPU.ActiveCfg = Release|Any CPU
		{85ABEB5E-EA55-47F9-8D4E-0C87DB757952}.Release|Any CPU.Build.0 = Release|Any CPU
		{F1FAECA0-C4E0-41DD-AAEE-670A4FC754AC}.Debug|Any CPU.ActiveCfg = Debug|Any CPU
		{F1FAECA0-C4E0-41DD-AAEE-670A4FC754AC}.Debug|Any CPU.Build.0 = Debug|Any CPU
		{F1FAECA0-C4E0-41DD-AAEE-670A4FC754AC}.Release|Any CPU.ActiveCfg = Release|Any CPU
		{F1FAECA0-C4E0-41DD-AAEE-670A4FC754AC}.Release|Any CPU.Build.0 = Release|Any CPU
		{D8062E68-AA1A-47AA-821A-2E81E00432B1}.Debug|Any CPU.ActiveCfg = Debug|Any CPU
		{D8062E68-AA1A-47AA-821A-2E81E00432B1}.Debug|Any CPU.Build.0 = Debug|Any CPU
		{D8062E68-AA1A-47AA-821A-2E81E00432B1}.Release|Any CPU.ActiveCfg = Release|Any CPU
		{D8062E68-AA1A-47AA-821A-2E81E00432B1}.Release|Any CPU.Build.0 = Release|Any CPU
		{82B45401-F7EF-474C-9D06-9ED5E92AA15E}.Debug|Any CPU.ActiveCfg = Debug|Any CPU
		{82B45401-F7EF-474C-9D06-9ED5E92AA15E}.Debug|Any CPU.Build.0 = Debug|Any CPU
		{82B45401-F7EF-474C-9D06-9ED5E92AA15E}.Release|Any CPU.ActiveCfg = Release|Any CPU
		{82B45401-F7EF-474C-9D06-9ED5E92AA15E}.Release|Any CPU.Build.0 = Release|Any CPU
		{460864BC-5E1D-4A9F-A400-645AF1945BE4}.Debug|Any CPU.ActiveCfg = Debug|Any CPU
		{460864BC-5E1D-4A9F-A400-645AF1945BE4}.Debug|Any CPU.Build.0 = Debug|Any CPU
		{460864BC-5E1D-4A9F-A400-645AF1945BE4}.Release|Any CPU.ActiveCfg = Release|Any CPU
		{460864BC-5E1D-4A9F-A400-645AF1945BE4}.Release|Any CPU.Build.0 = Release|Any CPU
		{A94ABBD7-6B73-43F0-A310-3CF05D0EBB7F}.Debug|Any CPU.ActiveCfg = Debug|Any CPU
		{A94ABBD7-6B73-43F0-A310-3CF05D0EBB7F}.Debug|Any CPU.Build.0 = Debug|Any CPU
		{A94ABBD7-6B73-43F0-A310-3CF05D0EBB7F}.Release|Any CPU.ActiveCfg = Release|Any CPU
		{A94ABBD7-6B73-43F0-A310-3CF05D0EBB7F}.Release|Any CPU.Build.0 = Release|Any CPU
		{713AA0EC-2570-4A7D-A76A-288DEA8875DC}.Debug|Any CPU.ActiveCfg = Debug|Any CPU
		{713AA0EC-2570-4A7D-A76A-288DEA8875DC}.Debug|Any CPU.Build.0 = Debug|Any CPU
		{713AA0EC-2570-4A7D-A76A-288DEA8875DC}.Release|Any CPU.ActiveCfg = Release|Any CPU
		{713AA0EC-2570-4A7D-A76A-288DEA8875DC}.Release|Any CPU.Build.0 = Release|Any CPU
		{DFA4A854-B697-45AC-B652-54054F6FFC53}.Debug|Any CPU.ActiveCfg = Debug|Any CPU
		{DFA4A854-B697-45AC-B652-54054F6FFC53}.Debug|Any CPU.Build.0 = Debug|Any CPU
		{DFA4A854-B697-45AC-B652-54054F6FFC53}.Release|Any CPU.ActiveCfg = Release|Any CPU
		{DFA4A854-B697-45AC-B652-54054F6FFC53}.Release|Any CPU.Build.0 = Release|Any CPU
	EndGlobalSection
	GlobalSection(SolutionProperties) = preSolution
		HideSolutionNode = FALSE
	EndGlobalSection
	GlobalSection(NestedProjects) = preSolution
		{73864FC9-B18F-48B2-B29C-2B1160AF2CE2} = {FAF6A661-DC35-4E26-9086-5AD2F0B1D195}
		{28914A03-47A7-48C6-8A2E-9DC3724668DC} = {FAF6A661-DC35-4E26-9086-5AD2F0B1D195}
		{85ABEB5E-EA55-47F9-8D4E-0C87DB757952} = {FAF6A661-DC35-4E26-9086-5AD2F0B1D195}
		{F1FAECA0-C4E0-41DD-AAEE-670A4FC754AC} = {FAF6A661-DC35-4E26-9086-5AD2F0B1D195}
		{D8062E68-AA1A-47AA-821A-2E81E00432B1} = {FAF6A661-DC35-4E26-9086-5AD2F0B1D195}
		{82B45401-F7EF-474C-9D06-9ED5E92AA15E} = {FAF6A661-DC35-4E26-9086-5AD2F0B1D195}
		{460864BC-5E1D-4A9F-A400-645AF1945BE4} = {ED36C578-2FE3-4C43-AB4F-ED21FDD7C5C2}
		{A94ABBD7-6B73-43F0-A310-3CF05D0EBB7F} = {48A40D69-2CB7-45E2-87CA-E6BB81FB9BC8}
		{713AA0EC-2570-4A7D-A76A-288DEA8875DC} = {48A40D69-2CB7-45E2-87CA-E6BB81FB9BC8}
		{DFA4A854-B697-45AC-B652-54054F6FFC53} = {FAF6A661-DC35-4E26-9086-5AD2F0B1D195}
	EndGlobalSection
	GlobalSection(ExtensibilityGlobals) = postSolution
		SolutionGuid = {B1CB6558-63CA-4237-9EBE-95D747523ABD}
	EndGlobalSection
EndGlobal
